#
# This file is autogenerated by pip-compile with Python 3.11
# by the following command:
#
#    pip-compile --output-file=requirements.lock --strip-extras requirements.txt
#
a2wsgi==1.10.10
    # via -r requirements.txt
aio-pika==10.0.1
    # via -r requirements.txt
aiohappyeyeballs==2.7.1
    # via aiohttp
aiohttp==3.14.3
    # via
    #   -r requirements.txt
    #   fsspec
    #   instructor
    #   langchain-community
aiormq==7.0.0
    # via aio-pika
aiosignal==1.4.0
    # via aiohttp
aiosqlite==0.22.1
    # via -r requirements.txt
annotated-doc==0.0.5
    # via
    #   fastapi
    #   typer
annotated-types==0.8.0
    # via pydantic
anyio==4.14.2
    # via
    #   groq
    #   httpx
    #   langsmith
    #   mcp
    #   openai
    #   sse-starlette
    #   starlette
    #   watchfiles
anytree==2.13.0
    # via graspologic
appdirs==1.4.4
    # via ragas
asyncpg==0.31.0
    # via -r requirements.txt
attrs==26.1.0
    # via
    #   aiohttp
    #   jsonschema
    #   referencing
autograd==1.9.1
    # via hyppo
beartype==0.18.5
    # via graspologic
blinker==1.9.0
    # via flask
boto3==1.43.76
    # via -r requirements.txt
botocore==1.43.76
    # via
    #   boto3
    #   s3transfer
certifi==2026.7.22
    # via
    #   httpcore
    #   httpx
    #   langchain-openai
    #   requests
cffi==2.1.1
    # via cryptography
charset-normalizer==3.5.1
    # via requests
click==8.4.2
    # via
    #   flask
    #   huggingface-hub
    #   uvicorn
colorama==0.4.6
    # via
    #   click
    #   tqdm
    #   typer
comm==0.2.3
    # via dash
contourpy==1.3.3
    # via matplotlib
cryptography==50.0.0
    # via
    #   -r requirements.txt
    #   pyjwt
cycler==0.12.1
    # via matplotlib
dash==4.4.1
    # via -r requirements.txt
datasets==5.0.1
    # via
    #   -r requirements.txt
    #   ragas
deprecated==1.3.1
    # via limits
dill==0.4.1
    # via
    #   datasets
    #   multiprocess
diskcache==5.6.3
    # via ragas
distro==1.9.0
    # via
    #   groq
    #   langsmith
    #   openai
docker==7.2.0
    # via testcontainers
docstring-parser==0.18.0
    # via instructor
easyocr==1.7.2
    # via -r requirements.txt
et-xmlfile==2.0.0
    # via openpyxl
fastapi==0.141.1
    # via -r requirements.txt
filelock==3.32.3
    # via
    #   datasets
    #   huggingface-hub
    #   torch
flask==3.1.3
    # via dash
fonttools==4.63.0
    # via matplotlib
frozenlist==1.8.0
    # via
    #   aiohttp
    #   aiosignal
fsspec==2026.6.0
    # via
    #   datasets
    #   huggingface-hub
    #   torch
future==1.0.0
    # via
    #   graspologic
    #   hyppo
gensim==4.4.0
    # via graspologic
googleapis-common-protos==1.75.1
    # via opentelemetry-exporter-otlp-proto-http
graspologic==3.4.4
    # via -r requirements.txt
graspologic-native==1.3.1
    # via graspologic
greenlet==3.5.5
    # via sqlalchemy
groq==0.37.1
    # via
    #   -r requirements.txt
    #   langchain-groq
h11==0.16.0
    # via
    #   httpcore
    #   uvicorn
hf-xet==1.6.0
    # via huggingface-hub
html5rdf==1.2.1
    # via rdflib
httpcore==1.0.9
    # via httpx
httptools==0.8.0
    # via uvicorn
httpx==0.28.1
    # via
    #   -r requirements.txt
    #   datasets
    #   groq
    #   huggingface-hub
    #   langchain-core
    #   langgraph-sdk
    #   langsmith
    #   mcp
    #   openai
httpx-sse==0.4.3
    # via
    #   langchain-community
    #   mcp
huggingface-hub==1.28.0
    # via
    #   datasets
    #   sentence-transformers
    #   tokenizers
    #   transformers
hyppo==0.5.2
    # via graspologic
idna==3.19
    # via
    #   anyio
    #   httpx
    #   requests
    #   yarl
imagehash==4.3.2
    # via -r requirements.txt
imageio==2.37.4
    # via scikit-image
importlib-metadata==9.0.0
    # via
    #   dash
    #   pyshacl
instructor==1.15.4
    # via ragas
itsdangerous==2.2.0
    # via flask
janus==2.0.0
    # via dash
jinja2==3.1.6
    # via
    #   flask
    #   instructor
    #   torch
jiter==0.14.0
    # via
    #   instructor
    #   openai
jmespath==1.1.0
    # via
    #   boto3
    #   botocore
joblib==1.5.3
    # via
    #   graspologic
    #   pynndescent
    #   scikit-learn
jsonpatch==1.33
    # via langchain-core
jsonpointer==3.1.1
    # via jsonpatch
jsonschema==4.26.0
    # via mcp
jsonschema-specifications==2025.9.1
    # via jsonschema
kiwisolver==1.5.0
    # via matplotlib
langchain==1.3.16
    # via
    #   -r requirements.txt
    #   ragas
langchain-classic==1.0.8
    # via langchain-community
langchain-community==0.4.2
    # via ragas
langchain-core==1.6.0
    # via
    #   langchain
    #   langchain-classic
    #   langchain-community
    #   langchain-groq
    #   langchain-openai
    #   langchain-text-splitters
    #   langgraph
    #   langgraph-checkpoint
    #   langgraph-prebuilt
    #   langgraph-sdk
    #   ragas
langchain-groq==1.1.3
    # via -r requirements.txt
langchain-openai==1.6.0
    # via
    #   -r requirements.txt
    #   ragas
langchain-protocol==0.0.18
    # via
    #   langchain-core
    #   langgraph-sdk
langchain-text-splitters==1.1.2
    # via
    #   -r requirements.txt
    #   langchain-classic
langgraph==1.2.11
    # via langchain
langgraph-checkpoint==4.2.0
    # via
    #   langgraph
    #   langgraph-prebuilt
langgraph-prebuilt==1.1.0
    # via langgraph
langgraph-sdk==0.4.3
    # via langgraph
langsmith==0.11.1
    # via
    #   -r requirements.txt
    #   langchain-classic
    #   langchain-community
    #   langchain-core
lazy-loader==0.5
    # via scikit-image
limits==5.8.0
    # via -r requirements.txt
llvmlite==0.49.0
    # via
    #   numba
    #   pynndescent
lxml==6.1.2
    # via python-docx
markdown-it-py==4.2.0
    # via rich
markupsafe==3.0.3
    # via
    #   flask
    #   jinja2
    #   werkzeug
matplotlib==3.11.1
    # via
    #   graspologic
    #   seaborn
mcp==1.29.0
    # via -r requirements.txt
mdurl==0.1.2
    # via markdown-it-py
mpmath==1.3.0
    # via sympy
multidict==6.7.1
    # via
    #   aiohttp
    #   yarl
multiprocess==0.70.19
    # via datasets
narwhals==2.25.0
    # via
    #   plotly
    #   scikit-learn
neo4j==6.2.0
    # via -r requirements.txt
nest-asyncio==1.6.0
    # via
    #   dash
    #   ragas
networkx==3.6.1
    # via
    #   -r requirements.txt
    #   graspologic
    #   ragas
    #   scikit-image
    #   torch
ninja==1.13.2
    # via easyocr
numba==0.67.0
    # via
    #   hyppo
    #   pynndescent
    #   umap-learn
numpy==1.26.4
    # via
    #   autograd
    #   contourpy
    #   datasets
    #   easyocr
    #   gensim
    #   graspologic
    #   graspologic-native
    #   hyppo
    #   imagehash
    #   imageio
    #   langchain-community
    #   matplotlib
    #   numba
    #   opencv-python-headless
    #   pandas
    #   patsy
    #   pot
    #   pywavelets
    #   ragas
    #   scikit-image
    #   scikit-learn
    #   scikit-network
    #   scipy
    #   seaborn
    #   sentence-transformers
    #   shapely
    #   statsmodels
    #   tifffile
    #   torchvision
    #   transformers
    #   umap-learn
openai==2.54.0
    # via
    #   instructor
    #   langchain-openai
    #   ragas
opencv-python-headless==4.11.0.86
    # via easyocr
openpyxl==3.1.5
    # via -r requirements.txt
opentelemetry-api==1.44.0
    # via
    #   -r requirements.txt
    #   opentelemetry-exporter-otlp-proto-http
    #   opentelemetry-sdk
    #   opentelemetry-semantic-conventions
opentelemetry-exporter-otlp-proto-common==1.44.0
    # via opentelemetry-exporter-otlp-proto-http
opentelemetry-exporter-otlp-proto-http==1.44.0
    # via -r requirements.txt
opentelemetry-proto==1.44.0
    # via
    #   opentelemetry-exporter-otlp-proto-common
    #   opentelemetry-exporter-otlp-proto-http
opentelemetry-sdk==1.44.0
    # via
    #   -r requirements.txt
    #   opentelemetry-exporter-otlp-proto-http
opentelemetry-semantic-conventions==0.65b0
    # via opentelemetry-sdk
orjson==3.12.0
    # via
    #   langgraph-sdk
    #   langsmith
ormsgpack==1.12.2
    # via langgraph-checkpoint
owlrl==7.6.2
    # via
    #   -r requirements.txt
    #   pyshacl
packaging==26.3
    # via
    #   datasets
    #   huggingface-hub
    #   langchain-core
    #   langsmith
    #   lazy-loader
    #   limits
    #   matplotlib
    #   plotly
    #   pyshacl
    #   scikit-image
    #   statsmodels
    #   transformers
pamqp==4.0.1
    # via aiormq
pandas==3.0.5
    # via
    #   datasets
    #   hyppo
    #   seaborn
    #   statsmodels
patsy==1.0.2
    # via
    #   hyppo
    #   statsmodels
pika==1.4.4
    # via -r requirements.txt
pillow==12.3.0
    # via
    #   -r requirements.txt
    #   easyocr
    #   imagehash
    #   imageio
    #   matplotlib
    #   ragas
    #   scikit-image
    #   torchvision
plotly==6.9.0
    # via
    #   -r requirements.txt
    #   dash
pot==0.9.7.post1
    # via graspologic
prettytable==3.18.0
    # via pyshacl
prometheus-client==0.26.0
    # via
    #   -r requirements.txt
    #   prometheus-fastapi-instrumentator
prometheus-fastapi-instrumentator==8.1.0
    # via -r requirements.txt
propcache==0.5.2
    # via
    #   aiohttp
    #   yarl
protobuf==7.36.0
    # via
    #   googleapis-common-protos
    #   opentelemetry-proto
pyarrow==25.0.1
    # via datasets
pyasn1==0.6.4
    # via -r requirements.txt
pyclipper==1.4.0
    # via easyocr
pycparser==3.0
    # via cffi
pydantic==2.13.4
    # via
    #   -r requirements.txt
    #   dash
    #   fastapi
    #   groq
    #   instructor
    #   langchain
    #   langchain-classic
    #   langchain-core
    #   langgraph
    #   langsmith
    #   mcp
    #   openai
    #   pydantic-settings
    #   ragas
pydantic-core==2.46.4
    # via
    #   instructor
    #   pydantic
pydantic-settings==2.15.0
    # via
    #   -r requirements.txt
    #   langchain-community
    #   mcp
pygments==2.21.0
    # via rich
pyjwt==2.13.0
    # via
    #   -r requirements.txt
    #   mcp
    #   pyjwt
pynndescent==0.6.0
    # via umap-learn
pyparsing==3.3.2
    # via
    #   matplotlib
    #   rdflib
pypdf==6.16.1
    # via -r requirements.txt
pyshacl==0.40.1
    # via -r requirements.txt
python-bidi==0.6.11
    # via easyocr
python-dateutil==2.9.0.post0
    # via
    #   botocore
    #   matplotlib
    #   pandas
python-docx==1.2.0
    # via -r requirements.txt
python-dotenv==1.2.3
    # via
    #   -r requirements.txt
    #   pydantic-settings
    #   testcontainers
    #   uvicorn
python-multipart==0.0.32
    # via
    #   -r requirements.txt
    #   mcp
pytz==2026.3.post1
    # via neo4j
pywavelets==1.9.0
    # via imagehash
pywin32==312
    # via
    #   docker
    #   mcp
pyyaml==6.0.3
    # via
    #   -r requirements.txt
    #   datasets
    #   easyocr
    #   huggingface-hub
    #   langchain-classic
    #   langchain-community
    #   langchain-core
    #   transformers
    #   uvicorn
ragas==0.4.3
    # via -r requirements.txt
rapidfuzz==3.14.5
    # via -r requirements.txt
rdflib==7.6.0
    # via
    #   -r requirements.txt
    #   owlrl
    #   pyshacl
redis==8.1.0
    # via -r requirements.txt
referencing==0.37.0
    # via
    #   jsonschema
    #   jsonschema-specifications
regex==2026.7.19
    # via
    #   tiktoken
    #   transformers
requests==2.34.2
    # via
    #   dash
    #   datasets
    #   docker
    #   instructor
    #   langchain-classic
    #   langchain-community
    #   langsmith
    #   opentelemetry-exporter-otlp-proto-http
    #   requests-toolbelt
    #   tiktoken
requests-toolbelt==1.0.0
    # via langsmith
retrying==1.4.2
    # via dash
rich==14.3.4
    # via
    #   instructor
    #   ragas
    #   typer
rpds-py==2026.6.3
    # via
    #   jsonschema
    #   referencing
s3transfer==0.19.2
    # via boto3
safetensors==0.8.0
    # via transformers
scikit-image==0.26.0
    # via easyocr
scikit-learn==1.9.0
    # via
    #   graspologic
    #   hyppo
    #   pynndescent
    #   sentence-transformers
    #   umap-learn
scikit-network==0.33.5
    # via ragas
scipy==1.17.1
    # via
    #   easyocr
    #   gensim
    #   graspologic
    #   graspologic-native
    #   hyppo
    #   imagehash
    #   pot
    #   pynndescent
    #   scikit-image
    #   scikit-learn
    #   scikit-network
    #   sentence-transformers
    #   statsmodels
    #   umap-learn
seaborn==0.13.2
    # via graspologic
sentence-transformers==6.0.0
    # via -r requirements.txt
shapely==2.1.2
    # via easyocr
shellingham==1.5.4
    # via typer
six==1.17.0
    # via python-dateutil
smart-open==8.0.1
    # via gensim
sniffio==1.3.1
    # via
    #   groq
    #   langsmith
    #   openai
sqlalchemy==2.0.52
    # via
    #   -r requirements.txt
    #   langchain-classic
    #   langchain-community
sse-starlette==3.4.8
    # via mcp
starlette==1.6.0
    # via
    #   -r requirements.txt
    #   fastapi
    #   mcp
    #   prometheus-fastapi-instrumentator
    #   sse-starlette
statsmodels==0.14.6
    # via
    #   graspologic
    #   hyppo
structlog==26.1.0
    # via -r requirements.txt
sympy==1.14.0
    # via torch
tenacity==9.1.4
    # via
    #   -r requirements.txt
    #   instructor
    #   langchain-community
    #   langchain-core
testcontainers==4.15.0
    # via -r requirements.txt
threadpoolctl==3.6.0
    # via scikit-learn
tifffile==2026.3.3
    # via scikit-image
tiktoken==0.14.0
    # via
    #   langchain-openai
    #   ragas
tokenizers==0.22.2
    # via
    #   sentence-transformers
    #   transformers
torch==2.13.0
    # via
    #   -r requirements.txt
    #   easyocr
    #   sentence-transformers
    #   torchvision
torchvision==0.28.0
    # via easyocr
tqdm==4.70.0
    # via
    #   datasets
    #   huggingface-hub
    #   openai
    #   ragas
    #   sentence-transformers
    #   transformers
    #   umap-learn
transformers==5.15.1
    # via sentence-transformers
typer==0.27.1
    # via
    #   instructor
    #   ragas
    #   transformers
typing-extensions==4.16.0
    # via
    #   aiohttp
    #   aiosignal
    #   anyio
    #   dash
    #   fastapi
    #   graspologic
    #   groq
    #   huggingface-hub
    #   langchain-core
    #   langchain-protocol
    #   langsmith
    #   limits
    #   mcp
    #   openai
    #   opentelemetry-api
    #   opentelemetry-exporter-otlp-proto-http
    #   opentelemetry-sdk
    #   opentelemetry-semantic-conventions
    #   pydantic
    #   pydantic-core
    #   python-docx
    #   referencing
    #   sentence-transformers
    #   sqlalchemy
    #   starlette
    #   testcontainers
    #   torch
    #   typing-inspection
typing-inspection==0.4.4
    # via
    #   fastapi
    #   mcp
    #   pydantic
    #   pydantic-settings
tzdata==2026.3
    # via pandas
umap-learn==0.5.12
    # via graspologic
urllib3==2.7.0
    # via
    #   botocore
    #   docker
    #   requests
    #   testcontainers
uuid-utils==0.17.0
    # via
    #   langchain-core
    #   langsmith
uvicorn==0.52.4
    # via
    #   -r requirements.txt
    #   mcp
watchfiles==1.2.0
    # via uvicorn
wcwidth==0.8.2
    # via prettytable
websockets==16.1.1
    # via
    #   langgraph-sdk
    #   langsmith
    #   uvicorn
werkzeug==3.1.8
    # via
    #   dash
    #   flask
wrapt==2.3.0
    # via
    #   deprecated
    #   smart-open
    #   testcontainers
xxhash==4.0.1
    # via
    #   datasets
    #   langgraph
    #   langsmith
yarl==1.24.5
    # via
    #   aio-pika
    #   aiohttp
    #   aiormq
zipp==4.1.0
    # via importlib-metadata
zstandard==0.25.0
    # via langsmith

# The following packages are considered to be unsafe in a requirements file:
# setuptools
